
Microsoft Visual Studio Solution File, Format Version 12.00
# Visual Studio Version 17
VisualStudioVersion = 17.4.33122.133
MinimumVisualStudioVersion = 10.0.40219.1
Project("{FAE04EC0-301F-11D3-BF4B-00C04F79EFBC}") = "Landscaper", "Landscaper\Landscaper.csproj", "{4028B35A-17C8-4FBA-8200-D27135041FE1}"
EndProject
Global
	GlobalSection(SolutionConfigurationPlatforms) = preSolution
		Debug|Any CPU = Debug|Any CPU
		Release|Any CPU = Release|Any CPU
	EndGlobalSection
	GlobalSection(ProjectConfigurationPlatforms) = postSolution
		{4028B35A-17C8-4FBA-8200-D27135041FE1}.Debug|Any CPU.ActiveCfg = Debug|Any CPU
		{4028B35A-17C8-4FBA-8200-D27135041FE1}.Debug|Any CPU.Build.0 = Debug|Any CPU
		{4028B35A-17C8-4FBA-8200-D27135041FE1}.Release|Any CPU.ActiveCfg = Release|Any CPU
		{4028B35A-17C8-4FBA-8200-D27135041FE1}.Release|Any CPU.Build.0 = Release|Any CPU
	EndGlobalSection
	GlobalSection(SolutionProperties) = preSolution
		HideSolutionNode = FALSE
	EndGlobalSection
	GlobalSection(ExtensibilityGlobals) = postSolution
		SolutionGuid = {AC1EC26A-DA61-4516-9523-C54B9F6EC22A}
	EndGlobalSection
EndGlobal
